// !$*UTF8*$!
{
	archiveVersion = 1;
	classes = {
	};
	objectVersion = 50;
	objects = {

/* Begin PBXBuildFile section */
		CA43CEA92154E9C0006932BE /* AppDelegate.swift in Sources */ = {isa = PBXBuildFile; fileRef = CA43CEA82154E9C0006932BE /* AppDelegate.swift */; };
		CA43CEAB2154E9C0006932BE /* ViewController.swift in Sources */ = {isa = PBXBuildFile; fileRef = CA43CEAA2154E9C0006932BE /* ViewController.swift */; };
		CA43CEAE2154E9C0006932BE /* Main.storyboard in Resources */ = {isa = PBXBuildFile; fileRef = CA43CEAC2154E9C0006932BE /* Main.storyboard */; };
		CA43CEB12154E9C0006932BE /* HitList.xcdatamodeld in Sources */ = {isa = PBXBuildFile; fileRef = CA43CEAF2154E9C0006932BE /* HitList.xcdatamodeld */; };
		CA43CEB32154E9C1006932BE /* Assets.xcassets in Resources */ = {isa = PBXBuildFile; fileRef = CA43CEB22154E9C1006932BE /* Assets.xcassets */; };
		CA43CEB62154E9C1006932BE /* LaunchScreen.storyboard in Resources */ = {isa = PBXBuildFile; fileRef = CA43CEB42154E9C1006932BE /* LaunchScreen.storyboard */; };
		CA43CEC221550A7C006932BE /* PeopleService.swift in Sources */ = {isa = PBXBuildFile; fileRef = CA43CEC121550A7C006932BE /* PeopleService.swift */; };
/* End PBXBuildFile section */

/* Begin PBXFileReference section */
		CA43CEA52154E9C0006932BE /* HitList.app */ = {isa = PBXFileReference; explicitFileType = wrapper.application; includeInIndex = 0; path = HitList.app; sourceTree = BUILT_PRODUCTS_DIR; };
		CA43CEA82154E9C0006932BE /* AppDelegate.swift */ = {isa = PBXFileReference; lastKnownFileType = sourcecode.swift; path = AppDelegate.swift; sourceTree = "<group>"; };
		CA43CEAA2154E9C0006932BE /* ViewController.swift */ = {isa = PBXFileReference; lastKnownFileType = sourcecode.swift; path = ViewController.swift; sourceTree = "<group>"; };
		CA43CEAD2154E9C0006932BE /* Base */ = {isa = PBXFileReference; lastKnownFileType = file.storyboard; name = Base; path = Base.lproj/Main.storyboard; sourceTree = "<group>"; };
		CA43CEB02154E9C0006932BE /* HitList.xcdatamodel */ = {isa = PBXFileReference; lastKnownFileType = wrapper.xcdatamodel; path = HitList.xcdatamodel; sourceTree = "<group>"; };
		CA43CEB22154E9C1006932BE /* Assets.xcassets */ = {isa = PBXFileReference; lastKnownFileType = folder.assetcatalog; path = Assets.xcassets; sourceTree = "<group>"; };
		CA43CEB52154E9C1006932BE /* Base */ = {isa = PBXFileReference; lastKnownFileType = file.storyboard; name = Base; path = Base.lproj/LaunchScreen.storyboard; sourceTree = "<group>"; };
		CA43CEB72154E9C1006932BE /* Info.plist */ = {isa = PBXFileReference; lastKnownFileType = text.plist.xml; path = Info.plist; sourceTree = "<group>"; };
		CA43CEC121550A7C006932BE /* PeopleService.swift */ = {isa = PBXFileReference; lastKnownFileType = sourcecode.swift; path = PeopleService.swift; sourceTree = "<group>"; };
/* End PBXFileReference section */

/* Begin PBXFrameworksBuildPhase section */
		CA43CEA22154E9C0006932BE /* Frameworks */ = {
			isa = PBXFrameworksBuildPhase;
			buildActionMask = 2147483647;
			files = (
			);
			runOnlyForDeploymentPostprocessing = 0;
		};
/* End PBXFrameworksBuildPhase section */

/* Begin PBXGroup section */
		CA43CE9C2154E9C0006932BE = {
			isa = PBXGroup;
			children = (
				CA43CEA72154E9C0006932BE /* HitList */,
				CA43CEA62154E9C0006932BE /* Products */,
			);
			sourceTree = "<group>";
		};
		CA43CEA62154E9C0006932BE /* Products */ = {
			isa = PBXGroup;
			children = (
				CA43CEA52154E9C0006932BE /* HitList.app */,
			);
			name = Products;
			sourceTree = "<group>";
		};
		CA43CEA72154E9C0006932BE /* HitList */ = {
			isa = PBXGroup;
			children = (
				CA43CEC021550A15006932BE /* supportingFiles */,
				CA43CEBF215509F1006932BE /* View */,
				CA43CEBE215509E9006932BE /* Controller */,
				CA43CEBD215509DD006932BE /* Model */,
			);
			path = HitList;
			sourceTree = "<group>";
		};
		CA43CEBD215509DD006932BE /* Model */ = {
			isa = PBXGroup;
			children = (
				CA43CEAF2154E9C0006932BE /* HitList.xcdatamodeld */,
				CA43CEC121550A7C006932BE /* PeopleService.swift */,
			);
			path = Model;
			sourceTree = "<group>";
		};
		CA43CEBE215509E9006932BE /* Controller */ = {
			isa = PBXGroup;
			children = (
				CA43CEAA2154E9C0006932BE /* ViewController.swift */,
			);
			path = Controller;
			sourceTree = "<group>";
		};
		CA43CEBF215509F1006932BE /* View */ = {
			isa = PBXGroup;
			children = (
				CA43CEB42154E9C1006932BE /* LaunchScreen.storyboard */,
				CA43CEAC2154E9C0006932BE /* Main.storyboard */,
			);
			path = View;
			sourceTree = "<group>";
		};
		CA43CEC021550A15006932BE /* supportingFiles */ = {
			isa = PBXGroup;
			children = (
				CA43CEA82154E9C0006932BE /* AppDelegate.swift */,
				CA43CEB22154E9C1006932BE /* Assets.xcassets */,
				CA43CEB72154E9C1006932BE /* Info.plist */,
			);
			path = supportingFiles;
			sourceTree = "<group>";
		};
/* End PBXGroup section */

/* Begin PBXNativeTarget section */
		CA43CEA42154E9C0006932BE /* HitList */ = {
			isa = PBXNativeTarget;
			buildConfigurationList = CA43CEBA2154E9C1006932BE /* Build configuration list for PBXNativeTarget "HitList" */;
			buildPhases = (
				CA43CEA12154E9C0006932BE /* Sources */,
				CA43CEA22154E9C0006932BE /* Frameworks */,
				CA43CEA32154E9C0006932BE /* Resources */,
			);
			buildRules = (
			);
			dependencies = (
			);
			name = HitList;
			productName = HitList;
			productReference = CA43CEA52154E9C0006932BE /* HitList.app */;
			productType = "com.apple.product-type.application";
		};
/* End PBXNativeTarget section */

/* Begin PBXProject section */
		CA43CE9D2154E9C0006932BE /* Project object */ = {
			isa = PBXProject;
			attributes = {
				LastSwiftUpdateCheck = 0940;
				LastUpgradeCheck = 0940;
				ORGANIZATIONNAME = Mickael;
				TargetAttributes = {
					CA43CEA42154E9C0006932BE = {
						CreatedOnToolsVersion = 9.4.1;
					};
				};
			};
			buildConfigurationList = CA43CEA02154E9C0006932BE /* Build configuration list for PBXProject "HitList" */;
			compatibilityVersion = "Xcode 9.3";
			developmentRegion = en;
			hasScannedForEncodings = 0;
			knownRegions = (
				en,
				Base,
			);
			mainGroup = CA43CE9C2154E9C0006932BE;
			productRefGroup = CA43CEA62154E9C0006932BE /* Products */;
			projectDirPath = "";
			projectRoot = "";
			targets = (
				CA43CEA42154E9C0006932BE /* HitList */,
			);
		};
/* End PBXProject section */

/* Begin PBXResourcesBuildPhase section */
		CA43CEA32154E9C0006932BE /* Resources */ = {
			isa = PBXResourcesBuildPhase;
			buildActionMask = 2147483647;
			files = (
				CA43CEB62154E9C1006932BE /* LaunchScreen.storyboard in Resources */,
				CA43CEB32154E9C1006932BE /* Assets.xcassets in Resources */,
				CA43CEAE2154E9C0006932BE /* Main.storyboard in Resources */,
			);
			runOnlyForDeploymentPostprocessing = 0;
		};
/* End PBXResourcesBuildPhase section */

/* Begin PBXSourcesBuildPhase section */
		CA43CEA12154E9C0006932BE /* Sources */ = {
			isa = PBXSourcesBuildPhase;
			buildActionMask = 2147483647;
			files = (
				CA43CEC221550A7C006932BE /* PeopleService.swift in Sources */,
				CA43CEB12154E9C0006932BE /* HitList.xcdatamodeld in Sources */,
				CA43CEAB2154E9C0006932BE /* ViewController.swift in Sources */,
				CA43CEA92154E9C0006932BE /* AppDelegate.swift in Sources */,
			);
			runOnlyForDeploymentPostprocessing = 0;
		};
/* End PBXSourcesBuildPhase section */

/* Begin PBXVariantGroup section */
		CA43CEAC2154E9C0006932BE /* Main.storyboard */ = {
			isa = PBXVariantGroup;
			children = (
				CA43CEAD2154E9C0006932BE /* Base */,
			);
			name = Main.storyboard;
			sourceTree = "<group>";
		};
		CA43CEB42154E9C1006932BE /* LaunchScreen.storyboard */ = {
			isa = PBXVariantGroup;
			children = (
				CA43CEB52154E9C1006932BE /* Base */,
			);
			name = LaunchScreen.storyboard;
			sourceTree = "<group>";
		};
/* End PBXVariantGroup section */

/* Begin XCBuildConfiguration section */
		CA43CEB82154E9C1006932BE /* Debug */ = {
			isa = XCBuildConfiguration;
			buildSettings = {
				ALWAYS_SEARCH_USER_PATHS = NO;
				CLANG_ANALYZER_NONNULL = YES;
				CLANG_ANALYZER_NUMBER_OBJECT_CONVERSION = YES_AGGRESSIVE;
				CLANG_CXX_LANGUAGE_STANDARD = "gnu++14";
				CLANG_CXX_LIBRARY = "libc++";
				CLANG_ENABLE_MODULES = YES;
				CLANG_ENABLE_OBJC_ARC = YES;
				CLANG_ENABLE_OBJC_WEAK = YES;
				CLANG_WARN_BLOCK_CAPTURE_AUTORELEASING = YES;
				CLANG_WARN_BOOL_CONVERSION = YES;
				CLANG_WARN_COMMA = YES;
				CLANG_WARN_CONSTANT_CONVERSION = YES;
				CLANG_WARN_DEPRECATED_OBJC_IMPLEMENTATIONS = YES;
				CLANG_WARN_DIRECT_OBJC_ISA_USAGE = YES_ERROR;
				CLANG_WARN_DOCUMENTATION_COMMENTS = YES;
				CLANG_WARN_EMPTY_BODY = YES;
				CLANG_WARN_ENUM_CONVERSION = YES;
				CLANG_WARN_INFINITE_RECURSION = YES;
				CLANG_WARN_INT_CONVERSION = YES;
				CLANG_WARN_NON_LITERAL_NULL_CONVERSION = YES;
				CLANG_WARN_OBJC_IMPLICIT_RETAIN_SELF = YES;
				CLANG_WARN_OBJC_LITERAL_CONVERSION = YES;
				CLANG_WARN_OBJC_ROOT_CLASS = YES_ERROR;
				CLANG_WARN_RANGE_LOOP_ANALYSIS = YES;
				CLANG_WARN_STRICT_PROTOTYPES = YES;
				CLANG_WARN_SUSPICIOUS_MOVE = YES;
				CLANG_WARN_UNGUARDED_AVAILABILITY = YES_AGGRESSIVE;
				CLANG_WARN_UNREACHABLE_CODE = YES;
				CLANG_WARN__DUPLICATE_METHOD_MATCH = YES;
				CODE_SIGN_IDENTITY = "iPhone Developer";
				COPY_PHASE_STRIP = NO;
				DEBUG_INFORMATION_FORMAT = dwarf;
				ENABLE_STRICT_OBJC_MSGSEND = YES;
				ENABLE_TESTABILITY = YES;
				GCC_C_LANGUAGE_STANDARD = gnu11;
				GCC_DYNAMIC_NO_PIC = NO;
				GCC_NO_COMMON_BLOCKS = YES;
				GCC_OPTIMIZATION_LEVEL = 0;
				GCC_PREPROCESSOR_DEFINITIONS = (
					"DEBUG=1",
					"$(inherited)",
				);
				GCC_WARN_64_TO_32_BIT_CONVERSION = YES;
				GCC_WARN_ABOUT_RETURN_TYPE = YES_ERROR;
				GCC_WARN_UNDECLARED_SELECTOR = YES;
				GCC_WARN_UNINITIALIZED_AUTOS = YES_AGGRESSIVE;
				GCC_WARN_UNUSED_FUNCTION = YES;
				GCC_WARN_UNUSED_VARIABLE = YES;
				IPHONEOS_DEPLOYMENT_TARGET = 11.4;
				MTL_ENABLE_DEBUG_INFO = YES;
				ONLY_ACTIVE_ARCH = YES;
				SDKROOT = iphoneos;
				SWIFT_ACTIVE_COMPILATION_CONDITIONS = DEBUG;
				SWIFT_OPTIMIZATION_LEVEL = "-Onone";
			};
			name = Debug;
		};
		CA43CEB92154E9C1006932BE /* Release */ = {
			isa = XCBuildConfiguration;
			buildSettings = {
				ALWAYS_SEARCH_USER_PATHS = NO;
				CLANG_ANALYZER_NONNULL = YES;
				CLANG_ANALYZER_NUMBER_OBJECT_CONVERSION = YES_AGGRESSIVE;
				CLANG_CXX_LANGUAGE_STANDARD = "gnu++14";
				CLANG_CXX_LIBRARY = "libc++";
				CLANG_ENABLE_MODULES = YES;
				CLANG_ENABLE_OBJC_ARC = YES;
				CLANG_ENABLE_OBJC_WEAK = YES;
				CLANG_WARN_BLOCK_CAPTURE_AUTORELEASING = YES;
				CLANG_WARN_BOOL_CONVERSION = YES;
				CLANG_WARN_COMMA = YES;
				CLANG_WARN_CONSTANT_CONVERSION = YES;
				CLANG_WARN_DEPRECATED_OBJC_IMPLEMENTATIONS = YES;
				CLANG_WARN_DIRECT_OBJC_ISA_USAGE = YES_ERROR;
				CLANG_WARN_DOCUMENTATION_COMMENTS = YES;
				CLANG_WARN_EMPTY_BODY = YES;
				CLANG_WARN_ENUM_CONVERSION = YES;
				CLANG_WARN_INFINITE_RECURSION = YES;
				CLANG_WARN_INT_CONVERSION = YES;
				CLANG_WARN_NON_LITERAL_NULL_CONVERSION = YES;
				CLANG_WARN_OBJC_IMPLICIT_RETAIN_SELF = YES;
				CLANG_WARN_OBJC_LITERAL_CONVERSION = YES;
				CLANG_WARN_OBJC_ROOT_CLASS = YES_ERROR;
				CLANG_WARN_RANGE_LOOP_ANALYSIS = YES;
				CLANG_WARN_STRICT_PROTOTYPES = YES;
				CLANG_WARN_SUSPICIOUS_MOVE = YES;
				CLANG_WARN_UNGUARDED_AVAILABILITY = YES_AGGRESSIVE;
				CLANG_WARN_UNREACHABLE_CODE = YES;
				CLANG_WARN__DUPLICATE_METHOD_MATCH = YES;
				CODE_SIGN_IDENTITY = "iPhone Developer";
				COPY_PHASE_STRIP = NO;
				DEBUG_INFORMATION_FORMAT = "dwarf-with-dsym";
				ENABLE_NS_ASSERTIONS = NO;
				ENABLE_STRICT_OBJC_MSGSEND = YES;
				GCC_C_LANGUAGE_STANDARD = gnu11;
				GCC_NO_COMMON_BLOCKS = YES;
				GCC_WARN_64_TO_32_BIT_CONVERSION = YES;
				GCC_WARN_ABOUT_RETURN_TYPE = YES_ERROR;
				GCC_WARN_UNDECLARED_SELECTOR = YES;
				GCC_WARN_UNINITIALIZED_AUTOS = YES_AGGRESSIVE;
				GCC_WARN_UNUSED_FUNCTION = YES;
				GCC_WARN_UNUSED_VARIABLE = YES;
				IPHONEOS_DEPLOYMENT_TARGET = 11.4;
				MTL_ENABLE_DEBUG_INFO = NO;
				SDKROOT = iphoneos;
				SWIFT_COMPILATION_MODE = wholemodule;
				SWIFT_OPTIMIZATION_LEVEL = "-O";
				VALIDATE_PRODUCT = YES;
			};
			name = Release;
		};
		CA43CEBB2154E9C1006932BE /* Debug */ = {
			isa = XCBuildConfiguration;
			buildSettings = {
				ASSETCATALOG_COMPILER_APPICON_NAME = AppIcon;
				CODE_SIGN_STYLE = Automatic;
				DEVELOPMENT_TEAM = Y2HQCVS784;
				INFOPLIST_FILE = "$(SRCROOT)/HitList/supportingFiles/Info.plist";
				LD_RUNPATH_SEARCH_PATHS = (
					"$(inherited)",
					"@executable_path/Frameworks",
				);
				PRODUCT_BUNDLE_IDENTIFIER = com.mickael.HitList;
				PRODUCT_NAME = "$(TARGET_NAME)";
				SWIFT_VERSION = 4.0;
				TARGETED_DEVICE_FAMILY = "1,2";
			};
			name = Debug;
		};
		CA43CEBC2154E9C1006932BE /* Release */ = {
			isa = XCBuildConfiguration;
			buildSettings = {
				ASSETCATALOG_COMPILER_APPICON_NAME = AppIcon;
				CODE_SIGN_STYLE = Automatic;
				DEVELOPMENT_TEAM = Y2HQCVS784;
				INFOPLIST_FILE = "$(SRCROOT)/HitList/supportingFiles/Info.plist";
				LD_RUNPATH_SEARCH_PATHS = (
					"$(inherited)",
					"@executable_path/Frameworks",
				);
				PRODUCT_BUNDLE_IDENTIFIER = com.mickael.HitList;
				PRODUCT_NAME = "$(TARGET_NAME)";
				SWIFT_VERSION = 4.0;
				TARGETED_DEVICE_FAMILY = "1,2";
			};
			name = Release;
		};
/* End XCBuildConfiguration section */

/* Begin XCConfigurationList section */
		CA43CEA02154E9C0006932BE /* Build configuration list for PBXProject "HitList" */ = {
			isa = XCConfigurationList;
			buildConfigurations = (
				CA43CEB82154E9C1006932BE /* Debug */,
				CA43CEB92154E9C1006932BE /* Release */,
			);
			defaultConfigurationIsVisible = 0;
			defaultConfigurationName = Release;
		};
		CA43CEBA2154E9C1006932BE /* Build configuration list for PBXNativeTarget "HitList" */ = {
			isa = XCConfigurationList;
			buildConfigurations = (
				CA43CEBB2154E9C1006932BE /* Debug */,
				CA43CEBC2154E9C1006932BE /* Release */,
			);
			defaultConfigurationIsVisible = 0;
			defaultConfigurationName = Release;
		};
/* End XCConfigurationList section */

/* Begin XCVersionGroup section */
		CA43CEAF2154E9C0006932BE /* HitList.xcdatamodeld */ = {
			isa = XCVersionGroup;
			children = (
				CA43CEB02154E9C0006932BE /* HitList.xcdatamodel */,
			);
			currentVersion = CA43CEB02154E9C0006932BE /* HitList.xcdatamodel */;
			path = HitList.xcdatamodeld;
			sourceTree = "<group>";
			versionGroupType = wrapper.xcdatamodel;
		};
/* End XCVersionGroup section */
	};
	rootObject = CA43CE9D2154E9C0006932BE /* Project object */;
}
